// !$*UTF8*$!
{
	archiveVersion = 1;
	classes = {
	};
	objectVersion = 50;
	objects = {

/* Begin PBXBuildFile section */
		709A5A02001DDDB7BAAD8A17 /* Pods_MyFavoritePlaceInTokyoMap.framework in Frameworks */ = {isa = PBXBuildFile; fileRef = B1E2EF7AAFD2A8B55A7721A1 /* Pods_MyFavoritePlaceInTokyoMap.framework */; };
		F5522C7D2279B2BB000CAB43 /* AppDelegate.swift in Sources */ = {isa = PBXBuildFile; fileRef = F5522C7C2279B2BB000CAB43 /* AppDelegate.swift */; };
		F5522C7F2279B2BB000CAB43 /* ViewController.swift in Sources */ = {isa = PBXBuildFile; fileRef = F5522C7E2279B2BB000CAB43 /* ViewController.swift */; };
		F5522C822279B2BB000CAB43 /* Main.storyboard in Resources */ = {isa = PBXBuildFile; fileRef = F5522C802279B2BB000CAB43 /* Main.storyboard */; };
		F5522C842279B2C0000CAB43 /* Assets.xcassets in Resources */ = {isa = PBXBuildFile; fileRef = F5522C832279B2C0000CAB43 /* Assets.xcassets */; };
		F5522C872279B2C0000CAB43 /* LaunchScreen.storyboard in Resources */ = {isa = PBXBuildFile; fileRef = F5522C852279B2C0000CAB43 /* LaunchScreen.storyboard */; };
		F5522C9B2279C8D5000CAB43 /* MapViewController.swift in Sources */ = {isa = PBXBuildFile; fileRef = F5522C9A2279C8D5000CAB43 /* MapViewController.swift */; };
		F5522C9D227C7BA8000CAB43 /* maps.json in Resources */ = {isa = PBXBuildFile; fileRef = F5522C9C227C7BA7000CAB43 /* maps.json */; };
		F5522C9F227C7BCE000CAB43 /* location.json in Resources */ = {isa = PBXBuildFile; fileRef = F5522C9E227C7BCE000CAB43 /* location.json */; };
		F5522CA1227C7CA5000CAB43 /* live-map.json in Resources */ = {isa = PBXBuildFile; fileRef = F5522CA0227C7CA4000CAB43 /* live-map.json */; };
/* End PBXBuildFile section */

/* Begin PBXFileReference section */
		83F2FD676A5F30E13806B0F0 /* Pods-MyFavoritePlaceInTokyoMap.release.xcconfig */ = {isa = PBXFileReference; includeInIndex = 1; lastKnownFileType = text.xcconfig; name = "Pods-MyFavoritePlaceInTokyoMap.release.xcconfig"; path = "Pods/Target Support Files/Pods-MyFavoritePlaceInTokyoMap/Pods-MyFavoritePlaceInTokyoMap.release.xcconfig"; sourceTree = "<group>"; };
		B1E2EF7AAFD2A8B55A7721A1 /* Pods_MyFavoritePlaceInTokyoMap.framework */ = {isa = PBXFileReference; explicitFileType = wrapper.framework; includeInIndex = 0; path = Pods_MyFavoritePlaceInTokyoMap.framework; sourceTree = BUILT_PRODUCTS_DIR; };
		D3E24239C742C46AE8AA49EE /* Pods-MyFavoritePlaceInTokyoMap.debug.xcconfig */ = {isa = PBXFileReference; includeInIndex = 1; lastKnownFileType = text.xcconfig; name = "Pods-MyFavoritePlaceInTokyoMap.debug.xcconfig"; path = "Pods/Target Support Files/Pods-MyFavoritePlaceInTokyoMap/Pods-MyFavoritePlaceInTokyoMap.debug.xcconfig"; sourceTree = "<group>"; };
		F5522C792279B2BB000CAB43 /* MyFavoritePlaceInTokyoMap.app */ = {isa = PBXFileReference; explicitFileType = wrapper.application; includeInIndex = 0; path = MyFavoritePlaceInTokyoMap.app; sourceTree = BUILT_PRODUCTS_DIR; };
		F5522C7C2279B2BB000CAB43 /* AppDelegate.swift */ = {isa = PBXFileReference; lastKnownFileType = sourcecode.swift; path = AppDelegate.swift; sourceTree = "<group>"; };
		F5522C7E2279B2BB000CAB43 /* ViewController.swift */ = {isa = PBXFileReference; lastKnownFileType = sourcecode.swift; path = ViewController.swift; sourceTree = "<group>"; };
		F5522C812279B2BB000CAB43 /* Base */ = {isa = PBXFileReference; lastKnownFileType = file.storyboard; name = Base; path = Base.lproj/Main.storyboard; sourceTree = "<group>"; };
		F5522C832279B2C0000CAB43 /* Assets.xcassets */ = {isa = PBXFileReference; lastKnownFileType = folder.assetcatalog; path = Assets.xcassets; sourceTree = "<group>"; };
		F5522C862279B2C0000CAB43 /* Base */ = {isa = PBXFileReference; lastKnownFileType = file.storyboard; name = Base; path = Base.lproj/LaunchScreen.storyboard; sourceTree = "<group>"; };
		F5522C882279B2C0000CAB43 /* Info.plist */ = {isa = PBXFileReference; lastKnownFileType = text.plist.xml; path = Info.plist; sourceTree = "<group>"; };
		F5522C9A2279C8D5000CAB43 /* MapViewController.swift */ = {isa = PBXFileReference; lastKnownFileType = sourcecode.swift; path = MapViewController.swift; sourceTree = "<group>"; };
		F5522C9C227C7BA7000CAB43 /* maps.json */ = {isa = PBXFileReference; fileEncoding = 4; lastKnownFileType = text.json; path = maps.json; sourceTree = "<group>"; };
		F5522C9E227C7BCE000CAB43 /* location.json */ = {isa = PBXFileReference; fileEncoding = 4; lastKnownFileType = text.json; path = location.json; sourceTree = "<group>"; };
		F5522CA0227C7CA4000CAB43 /* live-map.json */ = {isa = PBXFileReference; fileEncoding = 4; lastKnownFileType = text.json; path = "live-map.json"; sourceTree = "<group>"; };
/* End PBXFileReference section */

/* Begin PBXFrameworksBuildPhase section */
		F5522C762279B2BB000CAB43 /* Frameworks */ = {
			isa = PBXFrameworksBuildPhase;
			buildActionMask = 2147483647;
			files = (
				709A5A02001DDDB7BAAD8A17 /* Pods_MyFavoritePlaceInTokyoMap.framework in Frameworks */,
			);
			runOnlyForDeploymentPostprocessing = 0;
		};
/* End PBXFrameworksBuildPhase section */

/* Begin PBXGroup section */
		A68BDA00BDD8227B3364A63C /* Frameworks */ = {
			isa = PBXGroup;
			children = (
				B1E2EF7AAFD2A8B55A7721A1 /* Pods_MyFavoritePlaceInTokyoMap.framework */,
			);
			name = Frameworks;
			sourceTree = "<group>";
		};
		B1BACF0E46FEA69E7B2AC7AF /* Pods */ = {
			isa = PBXGroup;
			children = (
				D3E24239C742C46AE8AA49EE /* Pods-MyFavoritePlaceInTokyoMap.debug.xcconfig */,
				83F2FD676A5F30E13806B0F0 /* Pods-MyFavoritePlaceInTokyoMap.release.xcconfig */,
			);
			name = Pods;
			sourceTree = "<group>";
		};
		F5522C702279B2BB000CAB43 = {
			isa = PBXGroup;
			children = (
				F5522C7B2279B2BB000CAB43 /* MyFavoritePlaceInTokyoMap */,
				F5522C7A2279B2BB000CAB43 /* Products */,
				B1BACF0E46FEA69E7B2AC7AF /* Pods */,
				A68BDA00BDD8227B3364A63C /* Frameworks */,
			);
			sourceTree = "<group>";
		};
		F5522C7A2279B2BB000CAB43 /* Products */ = {
			isa = PBXGroup;
			children = (
				F5522C792279B2BB000CAB43 /* MyFavoritePlaceInTokyoMap.app */,
			);
			name = Products;
			sourceTree = "<group>";
		};
		F5522C7B2279B2BB000CAB43 /* MyFavoritePlaceInTokyoMap */ = {
			isa = PBXGroup;
			children = (
				F5522C9C227C7BA7000CAB43 /* maps.json */,
				F5522C9E227C7BCE000CAB43 /* location.json */,
				F5522CA0227C7CA4000CAB43 /* live-map.json */,
				F5522C7C2279B2BB000CAB43 /* AppDelegate.swift */,
				F5522C7E2279B2BB000CAB43 /* ViewController.swift */,
				F5522C9A2279C8D5000CAB43 /* MapViewController.swift */,
				F5522C802279B2BB000CAB43 /* Main.storyboard */,
				F5522C832279B2C0000CAB43 /* Assets.xcassets */,
				F5522C852279B2C0000CAB43 /* LaunchScreen.storyboard */,
				F5522C882279B2C0000CAB43 /* Info.plist */,
			);
			path = MyFavoritePlaceInTokyoMap;
			sourceTree = "<group>";
		};
/* End PBXGroup section */

/* Begin PBXNativeTarget section */
		F5522C782279B2BB000CAB43 /* MyFavoritePlaceInTokyoMap */ = {
			isa = PBXNativeTarget;
			buildConfigurationList = F5522C8B2279B2C0000CAB43 /* Build configuration list for PBXNativeTarget "MyFavoritePlaceInTokyoMap" */;
			buildPhases = (
				C5221FE2BC17066979377D7F /* [CP] Check Pods Manifest.lock */,
				F5522C752279B2BB000CAB43 /* Sources */,
				F5522C762279B2BB000CAB43 /* Frameworks */,
				F5522C772279B2BB000CAB43 /* Resources */,
				A49468A448A3F1A24CE66FB0 /* [CP] Embed Pods Frameworks */,
			);
			buildRules = (
			);
			dependencies = (
			);
			name = MyFavoritePlaceInTokyoMap;
			productName = MyFavoritePlaceInTokyoMap;
			productReference = F5522C792279B2BB000CAB43 /* MyFavoritePlaceInTokyoMap.app */;
			productType = "com.apple.product-type.application";
		};
/* End PBXNativeTarget section */

/* Begin PBXProject section */
		F5522C712279B2BB000CAB43 /* Project object */ = {
			isa = PBXProject;
			attributes = {
				LastSwiftUpdateCheck = 1020;
				LastUpgradeCheck = 1020;
				ORGANIZATIONNAME = "Hiroki Kondo";
				TargetAttributes = {
					F5522C782279B2BB000CAB43 = {
						CreatedOnToolsVersion = 10.2;
					};
				};
			};
			buildConfigurationList = F5522C742279B2BB000CAB43 /* Build configuration list for PBXProject "MyFavoritePlaceInTokyoMap" */;
			compatibilityVersion = "Xcode 9.3";
			developmentRegion = en;
			hasScannedForEncodings = 0;
			knownRegions = (
				en,
				Base,
			);
			mainGroup = F5522C702279B2BB000CAB43;
			productRefGroup = F5522C7A2279B2BB000CAB43 /* Products */;
			projectDirPath = "";
			projectRoot = "";
			targets = (
				F5522C782279B2BB000CAB43 /* MyFavoritePlaceInTokyoMap */,
			);
		};
/* End PBXProject section */

/* Begin PBXResourcesBuildPhase section */
		F5522C772279B2BB000CAB43 /* Resources */ = {
			isa = PBXResourcesBuildPhase;
			buildActionMask = 2147483647;
			files = (
				F5522C9F227C7BCE000CAB43 /* location.json in Resources */,
				F5522C872279B2C0000CAB43 /* LaunchScreen.storyboard in Resources */,
				F5522C9D227C7BA8000CAB43 /* maps.json in Resources */,
				F5522C842279B2C0000CAB43 /* Assets.xcassets in Resources */,
				F5522C822279B2BB000CAB43 /* Main.storyboard in Resources */,
				F5522CA1227C7CA5000CAB43 /* live-map.json in Resources */,
			);
			runOnlyForDeploymentPostprocessing = 0;
		};
/* End PBXResourcesBuildPhase section */

/* Begin PBXShellScriptBuildPhase section */
		A49468A448A3F1A24CE66FB0 /* [CP] Embed Pods Frameworks */ = {
			isa = PBXShellScriptBuildPhase;
			buildActionMask = 2147483647;
			files = (
			);
			inputFileListPaths = (
			);
			inputPaths = (
				"${SRCROOT}/Pods/Target Support Files/Pods-MyFavoritePlaceInTokyoMap/Pods-MyFavoritePlaceInTokyoMap-frameworks.sh",
				"${BUILT_PRODUCTS_DIR}/lottie-ios/Lottie.framework",
			);
			name = "[CP] Embed Pods Frameworks";
			outputFileListPaths = (
			);
			outputPaths = (
				"${TARGET_BUILD_DIR}/${FRAMEWORKS_FOLDER_PATH}/Lottie.framework",
			);
			runOnlyForDeploymentPostprocessing = 0;
			shellPath = /bin/sh;
			shellScript = "\"${SRCROOT}/Pods/Target Support Files/Pods-MyFavoritePlaceInTokyoMap/Pods-MyFavoritePlaceInTokyoMap-frameworks.sh\"\n";
			showEnvVarsInLog = 0;
		};
		C5221FE2BC17066979377D7F /* [CP] Check Pods Manifest.lock */ = {
			isa = PBXShellScriptBuildPhase;
			buildActionMask = 2147483647;
			files = (
			);
			inputFileListPaths = (
			);
			inputPaths = (
				"${PODS_PODFILE_DIR_PATH}/Podfile.lock",
				"${PODS_ROOT}/Manifest.lock",
			);
			name = "[CP] Check Pods Manifest.lock";
			outputFileListPaths = (
			);
			outputPaths = (
				"$(DERIVED_FILE_DIR)/Pods-MyFavoritePlaceInTokyoMap-checkManifestLockResult.txt",
			);
			runOnlyForDeploymentPostprocessing = 0;
			shellPath = /bin/sh;
			shellScript = "diff \"${PODS_PODFILE_DIR_PATH}/Podfile.lock\" \"${PODS_ROOT}/Manifest.lock\" > /dev/null\nif [ $? != 0 ] ; then\n    # print error to STDERR\n    echo \"error: The sandbox is not in sync with the Podfile.lock. Run 'pod install' or update your CocoaPods installation.\" >&2\n    exit 1\nfi\n# This output is used by Xcode 'outputs' to avoid re-running this script phase.\necho \"SUCCESS\" > \"${SCRIPT_OUTPUT_FILE_0}\"\n";
			showEnvVarsInLog = 0;
		};
/* End PBXShellScriptBuildPhase section */

/* Begin PBXSourcesBuildPhase section */
		F5522C752279B2BB000CAB43 /* Sources */ = {
			isa = PBXSourcesBuildPhase;
			buildActionMask = 2147483647;
			files = (
				F5522C7F2279B2BB000CAB43 /* ViewController.swift in Sources */,
				F5522C9B2279C8D5000CAB43 /* MapViewController.swift in Sources */,
				F5522C7D2279B2BB000CAB43 /* AppDelegate.swift in Sources */,
			);
			runOnlyForDeploymentPostprocessing = 0;
		};
/* End PBXSourcesBuildPhase section */

/* Begin PBXVariantGroup section */
		F5522C802279B2BB000CAB43 /* Main.storyboard */ = {
			isa = PBXVariantGroup;
			children = (
				F5522C812279B2BB000CAB43 /* Base */,
			);
			name = Main.storyboard;
			sourceTree = "<group>";
		};
		F5522C852279B2C0000CAB43 /* LaunchScreen.storyboard */ = {
			isa = PBXVariantGroup;
			children = (
				F5522C862279B2C0000CAB43 /* Base */,
			);
			name = LaunchScreen.storyboard;
			sourceTree = "<group>";
		};
/* End PBXVariantGroup section */

/* Begin XCBuildConfiguration section */
		F5522C892279B2C0000CAB43 /* Debug */ = {
			isa = XCBuildConfiguration;
			buildSettings = {
				ALWAYS_SEARCH_USER_PATHS = NO;
				CLANG_ANALYZER_NONNULL = YES;
				CLANG_ANALYZER_NUMBER_OBJECT_CONVERSION = YES_AGGRESSIVE;
				CLANG_CXX_LANGUAGE_STANDARD = "gnu++14";
				CLANG_CXX_LIBRARY = "libc++";
				CLANG_ENABLE_MODULES = YES;
				CLANG_ENABLE_OBJC_ARC = YES;
				CLANG_ENABLE_OBJC_WEAK = YES;
				CLANG_WARN_BLOCK_CAPTURE_AUTORELEASING = YES;
				CLANG_WARN_BOOL_CONVERSION = YES;
				CLANG_WARN_COMMA = YES;
				CLANG_WARN_CONSTANT_CONVERSION = YES;
				CLANG_WARN_DEPRECATED_OBJC_IMPLEMENTATIONS = YES;
				CLANG_WARN_DIRECT_OBJC_ISA_USAGE = YES_ERROR;
				CLANG_WARN_DOCUMENTATION_COMMENTS = YES;
				CLANG_WARN_EMPTY_BODY = YES;
				CLANG_WARN_ENUM_CONVERSION = YES;
				CLANG_WARN_INFINITE_RECURSION = YES;
				CLANG_WARN_INT_CONVERSION = YES;
				CLANG_WARN_NON_LITERAL_NULL_CONVERSION = YES;
				CLANG_WARN_OBJC_IMPLICIT_RETAIN_SELF = YES;
				CLANG_WARN_OBJC_LITERAL_CONVERSION = YES;
				CLANG_WARN_OBJC_ROOT_CLASS = YES_ERROR;
				CLANG_WARN_RANGE_LOOP_ANALYSIS = YES;
				CLANG_WARN_STRICT_PROTOTYPES = YES;
				CLANG_WARN_SUSPICIOUS_MOVE = YES;
				CLANG_WARN_UNGUARDED_AVAILABILITY = YES_AGGRESSIVE;
				CLANG_WARN_UNREACHABLE_CODE = YES;
				CLANG_WARN__DUPLICATE_METHOD_MATCH = YES;
				CODE_SIGN_IDENTITY = "iPhone Developer";
				COPY_PHASE_STRIP = NO;
				DEBUG_INFORMATION_FORMAT = dwarf;
				ENABLE_STRICT_OBJC_MSGSEND = YES;
				ENABLE_TESTABILITY = YES;
				GCC_C_LANGUAGE_STANDARD = gnu11;
				GCC_DYNAMIC_NO_PIC = NO;
				GCC_NO_COMMON_BLOCKS = YES;
				GCC_OPTIMIZATION_LEVEL = 0;
				GCC_PREPROCESSOR_DEFINITIONS = (
					"DEBUG=1",
					"$(inherited)",
				);
				GCC_WARN_64_TO_32_BIT_CONVERSION = YES;
				GCC_WARN_ABOUT_RETURN_TYPE = YES_ERROR;
				GCC_WARN_UNDECLARED_SELECTOR = YES;
				GCC_WARN_UNINITIALIZED_AUTOS = YES_AGGRESSIVE;
				GCC_WARN_UNUSED_FUNCTION = YES;
				GCC_WARN_UNUSED_VARIABLE = YES;
				IPHONEOS_DEPLOYMENT_TARGET = 12.2;
				MTL_ENABLE_DEBUG_INFO = INCLUDE_SOURCE;
				MTL_FAST_MATH = YES;
				ONLY_ACTIVE_ARCH = YES;
				SDKROOT = iphoneos;
				SWIFT_ACTIVE_COMPILATION_CONDITIONS = DEBUG;
				SWIFT_OPTIMIZATION_LEVEL = "-Onone";
			};
			name = Debug;
		};
		F5522C8A2279B2C0000CAB43 /* Release */ = {
			isa = XCBuildConfiguration;
			buildSettings = {
				ALWAYS_SEARCH_USER_PATHS = NO;
				CLANG_ANALYZER_NONNULL = YES;
				CLANG_ANALYZER_NUMBER_OBJECT_CONVERSION = YES_AGGRESSIVE;
				CLANG_CXX_LANGUAGE_STANDARD = "gnu++14";
				CLANG_CXX_LIBRARY = "libc++";
				CLANG_ENABLE_MODULES = YES;
				CLANG_ENABLE_OBJC_ARC = YES;
				CLANG_ENABLE_OBJC_WEAK = YES;
				CLANG_WARN_BLOCK_CAPTURE_AUTORELEASING = YES;
				CLANG_WARN_BOOL_CONVERSION = YES;
				CLANG_WARN_COMMA = YES;
				CLANG_WARN_CONSTANT_CONVERSION = YES;
				CLANG_WARN_DEPRECATED_OBJC_IMPLEMENTATIONS = YES;
				CLANG_WARN_DIRECT_OBJC_ISA_USAGE = YES_ERROR;
				CLANG_WARN_DOCUMENTATION_COMMENTS = YES;
				CLANG_WARN_EMPTY_BODY = YES;
				CLANG_WARN_ENUM_CONVERSION = YES;
				CLANG_WARN_INFINITE_RECURSION = YES;
				CLANG_WARN_INT_CONVERSION = YES;
				CLANG_WARN_NON_LITERAL_NULL_CONVERSION = YES;
				CLANG_WARN_OBJC_IMPLICIT_RETAIN_SELF = YES;
				CLANG_WARN_OBJC_LITERAL_CONVERSION = YES;
				CLANG_WARN_OBJC_ROOT_CLASS = YES_ERROR;
				CLANG_WARN_RANGE_LOOP_ANALYSIS = YES;
				CLANG_WARN_STRICT_PROTOTYPES = YES;
				CLANG_WARN_SUSPICIOUS_MOVE = YES;
				CLANG_WARN_UNGUARDED_AVAILABILITY = YES_AGGRESSIVE;
				CLANG_WARN_UNREACHABLE_CODE = YES;
				CLANG_WARN__DUPLICATE_METHOD_MATCH = YES;
				CODE_SIGN_IDENTITY = "iPhone Developer";
				COPY_PHASE_STRIP = NO;
				DEBUG_INFORMATION_FORMAT = "dwarf-with-dsym";
				ENABLE_NS_ASSERTIONS = NO;
				ENABLE_STRICT_OBJC_MSGSEND = YES;
				GCC_C_LANGUAGE_STANDARD = gnu11;
				GCC_NO_COMMON_BLOCKS = YES;
				GCC_WARN_64_TO_32_BIT_CONVERSION = YES;
				GCC_WARN_ABOUT_RETURN_TYPE = YES_ERROR;
				GCC_WARN_UNDECLARED_SELECTOR = YES;
				GCC_WARN_UNINITIALIZED_AUTOS = YES_AGGRESSIVE;
				GCC_WARN_UNUSED_FUNCTION = YES;
				GCC_WARN_UNUSED_VARIABLE = YES;
				IPHONEOS_DEPLOYMENT_TARGET = 12.2;
				MTL_ENABLE_DEBUG_INFO = NO;
				MTL_FAST_MATH = YES;
				SDKROOT = iphoneos;
				SWIFT_COMPILATION_MODE = wholemodule;
				SWIFT_OPTIMIZATION_LEVEL = "-O";
				VALIDATE_PRODUCT = YES;
			};
			name = Release;
		};
		F5522C8C2279B2C0000CAB43 /* Debug */ = {
			isa = XCBuildConfiguration;
			baseConfigurationReference = D3E24239C742C46AE8AA49EE /* Pods-MyFavoritePlaceInTokyoMap.debug.xcconfig */;
			buildSettings = {
				ASSETCATALOG_COMPILER_APPICON_NAME = AppIcon;
				CODE_SIGN_STYLE = Automatic;
				DEVELOPMENT_TEAM = K6FA22KGKX;
				INFOPLIST_FILE = MyFavoritePlaceInTokyoMap/Info.plist;
				LD_RUNPATH_SEARCH_PATHS = (
					"$(inherited)",
					"@executable_path/Frameworks",
				);
				PRODUCT_BUNDLE_IDENTIFIER = com.withios.MyFavoritePlaceInTokyoMap;
				PRODUCT_NAME = "$(TARGET_NAME)";
				SWIFT_VERSION = 5.0;
				TARGETED_DEVICE_FAMILY = "1,2";
			};
			name = Debug;
		};
		F5522C8D2279B2C0000CAB43 /* Release */ = {
			isa = XCBuildConfiguration;
			baseConfigurationReference = 83F2FD676A5F30E13806B0F0 /* Pods-MyFavoritePlaceInTokyoMap.release.xcconfig */;
			buildSettings = {
				ASSETCATALOG_COMPILER_APPICON_NAME = AppIcon;
				CODE_SIGN_STYLE = Automatic;
				DEVELOPMENT_TEAM = K6FA22KGKX;
				INFOPLIST_FILE = MyFavoritePlaceInTokyoMap/Info.plist;
				LD_RUNPATH_SEARCH_PATHS = (
					"$(inherited)",
					"@executable_path/Frameworks",
				);
				PRODUCT_BUNDLE_IDENTIFIER = com.withios.MyFavoritePlaceInTokyoMap;
				PRODUCT_NAME = "$(TARGET_NAME)";
				SWIFT_VERSION = 5.0;
				TARGETED_DEVICE_FAMILY = "1,2";
			};
			name = Release;
		};
/* End XCBuildConfiguration section */

/* Begin XCConfigurationList section */
		F5522C742279B2BB000CAB43 /* Build configuration list for PBXProject "MyFavoritePlaceInTokyoMap" */ = {
			isa = XCConfigurationList;
			buildConfigurations = (
				F5522C892279B2C0000CAB43 /* Debug */,
				F5522C8A2279B2C0000CAB43 /* Release */,
			);
			defaultConfigurationIsVisible = 0;
			defaultConfigurationName = Release;
		};
		F5522C8B2279B2C0000CAB43 /* Build configuration list for PBXNativeTarget "MyFavoritePlaceInTokyoMap" */ = {
			isa = XCConfigurationList;
			buildConfigurations = (
				F5522C8C2279B2C0000CAB43 /* Debug */,
				F5522C8D2279B2C0000CAB43 /* Release */,
			);
			defaultConfigurationIsVisible = 0;
			defaultConfigurationName = Release;
		};
/* End XCConfigurationList section */
	};
	rootObject = F5522C712279B2BB000CAB43 /* Project object */;
}
